
Microsoft Visual Studio Solution File, Format Version 12.00
# Visual Studio Version 17
VisualStudioVersion = 17.1.32414.318
MinimumVisualStudioVersion = 10.0.40219.1
Project("{9A19103F-16F7-4668-BE54-9A1E7A4F7556}") = "jeux", "jeux.csproj", "{F29A7FCC-AF88-49AD-B0EE-D76479D77631}"
EndProject
Global
	GlobalSection(SolutionConfigurationPlatforms) = preSolution
		Debug|Any CPU = Debug|Any CPU
		Release|Any CPU = Release|Any CPU
	EndGlobalSection
	GlobalSection(ProjectConfigurationPlatforms) = postSolution
		{F29A7FCC-AF88-49AD-B0EE-D76479D77631}.Debug|Any CPU.ActiveCfg = Debug|Any CPU
		{F29A7FCC-AF88-49AD-B0EE-D76479D77631}.Debug|Any CPU.Build.0 = Debug|Any CPU
		{F29A7FCC-AF88-49AD-B0EE-D76479D77631}.Release|Any CPU.ActiveCfg = Release|Any CPU
		{F29A7FCC-AF88-49AD-B0EE-D76479D77631}.Release|Any CPU.Build.0 = Release|Any CPU
	EndGlobalSection
	GlobalSection(SolutionProperties) = preSolution
		HideSolutionNode = FALSE
	EndGlobalSection
	GlobalSection(ExtensibilityGlobals) = postSolution
		SolutionGuid = {62536AE5-249B-4787-8A96-EDB97B30FD8C}
	EndGlobalSection
EndGlobal
